
Microsoft Visual Studio Solution File, Format Version 12.00
# Visual Studio Version 17
VisualStudioVersion = 17.6.33815.320
MinimumVisualStudioVersion = 10.0.40219.1
Project("{8BC9CEB8-8B4A-11D0-8D11-00A0C91BC942}") = "VL10", "VL10\VL10.vcxproj", "{28313F6B-8520-4148-B19D-4836FF3E2685}"
EndProject
Project("{8BC9CEB8-8B4A-11D0-8D11-00A0C91BC942}") = "VL20", "VL20\VL20.vcxproj", "{D1AA3FF0-3ED3-4226-815B-A8BC7F4EF7A9}"
EndProject
Project("{8BC9CEB8-8B4A-11D0-8D11-00A0C91BC942}") = "STR02", "STR02\STR02.vcxproj", "{40500CEA-4BBC-4F24-84FF-C5B5F9737C94}"
EndProject
Project("{8BC9CEB8-8B4A-11D0-8D11-00A0C91BC942}") = "PASSW", "PASSW\PASSW.vcxproj", "{EE06E477-ADA5-4E0E-BA2D-DC4142511DCF}"
EndProject
Project("{8BC9CEB8-8B4A-11D0-8D11-00A0C91BC942}") = "ENCRYPT", "ENCRYPT\ENCRYPT.vcxproj", "{61755E05-4008-48CA-BCB4-25BB40A8E566}"
EndProject
Project("{8BC9CEB8-8B4A-11D0-8D11-00A0C91BC942}") = "NAME", "NAME\NAME.vcxproj", "{B1027B53-110C-4E36-8DDF-7CC3E4B03B6A}"
EndProject
Project("{8BC9CEB8-8B4A-11D0-8D11-00A0C91BC942}") = "GUNDAM", "GUNDAM\GUNDAM.vcxproj", "{92DA5898-D675-48E1-AC7D-417F6C25694B}"
EndProject
Project("{8BC9CEB8-8B4A-11D0-8D11-00A0C91BC942}") = "DIEMSO", "DIEMSO\DIEMSO.vcxproj", "{C578273A-078D-4144-8A6B-C23AE2889742}"
EndProject
Project("{8BC9CEB8-8B4A-11D0-8D11-00A0C91BC942}") = "LEXSTR", "LEXSTR\LEXSTR.vcxproj", "{DAD1CEC8-CFF4-4E59-BE5C-61E56157D6EB}"
EndProject
Global
	GlobalSection(SolutionConfigurationPlatforms) = preSolution
		Debug|x64 = Debug|x64
		Debug|x86 = Debug|x86
		Release|x64 = Release|x64
		Release|x86 = Release|x86
	EndGlobalSection
	GlobalSection(ProjectConfigurationPlatforms) = postSolution
		{28313F6B-8520-4148-B19D-4836FF3E2685}.Debug|x64.ActiveCfg = Debug|x64
		{28313F6B-8520-4148-B19D-4836FF3E2685}.Debug|x64.Build.0 = Debug|x64
		{28313F6B-8520-4148-B19D-4836FF3E2685}.Debug|x86.ActiveCfg = Debug|Win32
		{28313F6B-8520-4148-B19D-4836FF3E2685}.Debug|x86.Build.0 = Debug|Win32
		{28313F6B-8520-4148-B19D-4836FF3E2685}.Release|x64.ActiveCfg = Release|x64
		{28313F6B-8520-4148-B19D-4836FF3E2685}.Release|x64.Build.0 = Release|x64
		{28313F6B-8520-4148-B19D-4836FF3E2685}.Release|x86.ActiveCfg = Release|Win32
		{28313F6B-8520-4148-B19D-4836FF3E2685}.Release|x86.Build.0 = Release|Win32
		{D1AA3FF0-3ED3-4226-815B-A8BC7F4EF7A9}.Debug|x64.ActiveCfg = Debug|x64
		{D1AA3FF0-3ED3-4226-815B-A8BC7F4EF7A9}.Debug|x64.Build.0 = Debug|x64
		{D1AA3FF0-3ED3-4226-815B-A8BC7F4EF7A9}.Debug|x86.ActiveCfg = Debug|Win32
		{D1AA3FF0-3ED3-4226-815B-A8BC7F4EF7A9}.Debug|x86.Build.0 = Debug|Win32
		{D1AA3FF0-3ED3-4226-815B-A8BC7F4EF7A9}.Release|x64.ActiveCfg = Release|x64
		{D1AA3FF0-3ED3-4226-815B-A8BC7F4EF7A9}.Release|x64.Build.0 = Release|x64
		{D1AA3FF0-3ED3-4226-815B-A8BC7F4EF7A9}.Release|x86.ActiveCfg = Release|Win32
		{D1AA3FF0-3ED3-4226-815B-A8BC7F4EF7A9}.Release|x86.Build.0 = Release|Win32
		{40500CEA-4BBC-4F24-84FF-C5B5F9737C94}.Debug|x64.ActiveCfg = Debug|x64
		{40500CEA-4BBC-4F24-84FF-C5B5F9737C94}.Debug|x64.Build.0 = Debug|x64
		{40500CEA-4BBC-4F24-84FF-C5B5F9737C94}.Debug|x86.ActiveCfg = Debug|Win32
		{40500CEA-4BBC-4F24-84FF-C5B5F9737C94}.Debug|x86.Build.0 = Debug|Win32
		{40500CEA-4BBC-4F24-84FF-C5B5F9737C94}.Release|x64.ActiveCfg = Release|x64
		{40500CEA-4BBC-4F24-84FF-C5B5F9737C94}.Release|x64.Build.0 = Release|x64
		{40500CEA-4BBC-4F24-84FF-C5B5F9737C94}.Release|x86.ActiveCfg = Release|Win32
		{40500CEA-4BBC-4F24-84FF-C5B5F9737C94}.Release|x86.Build.0 = Release|Win32
		{EE06E477-ADA5-4E0E-BA2D-DC4142511DCF}.Debug|x64.ActiveCfg = Debug|x64
		{EE06E477-ADA5-4E0E-BA2D-DC4142511DCF}.Debug|x64.Build.0 = Debug|x64
		{EE06E477-ADA5-4E0E-BA2D-DC4142511DCF}.Debug|x86.ActiveCfg = Debug|Win32
		{EE06E477-ADA5-4E0E-BA2D-DC4142511DCF}.Debug|x86.Build.0 = Debug|Win32
		{EE06E477-ADA5-4E0E-BA2D-DC4142511DCF}.Release|x64.ActiveCfg = Release|x64
		{EE06E477-ADA5-4E0E-BA2D-DC4142511DCF}.Release|x64.Build.0 = Release|x64
		{EE06E477-ADA5-4E0E-BA2D-DC4142511DCF}.Release|x86.ActiveCfg = Release|Win32
		{EE06E477-ADA5-4E0E-BA2D-DC4142511DCF}.Release|x86.Build.0 = Release|Win32
		{61755E05-4008-48CA-BCB4-25BB40A8E566}.Debug|x64.ActiveCfg = Debug|x64
		{61755E05-4008-48CA-BCB4-25BB40A8E566}.Debug|x64.Build.0 = Debug|x64
		{61755E05-4008-48CA-BCB4-25BB40A8E566}.Debug|x86.ActiveCfg = Debug|Win32
		{61755E05-4008-48CA-BCB4-25BB40A8E566}.Debug|x86.Build.0 = Debug|Win32
		{61755E05-4008-48CA-BCB4-25BB40A8E566}.Release|x64.ActiveCfg = Release|x64
		{61755E05-4008-48CA-BCB4-25BB40A8E566}.Release|x64.Build.0 = Release|x64
		{61755E05-4008-48CA-BCB4-25BB40A8E566}.Release|x86.ActiveCfg = Release|Win32
		{61755E05-4008-48CA-BCB4-25BB40A8E566}.Release|x86.Build.0 = Release|Win32
		{B1027B53-110C-4E36-8DDF-7CC3E4B03B6A}.Debug|x64.ActiveCfg = Debug|x64
		{B1027B53-110C-4E36-8DDF-7CC3E4B03B6A}.Debug|x64.Build.0 = Debug|x64
		{B1027B53-110C-4E36-8DDF-7CC3E4B03B6A}.Debug|x86.ActiveCfg = Debug|Win32
		{B1027B53-110C-4E36-8DDF-7CC3E4B03B6A}.Debug|x86.Build.0 = Debug|Win32
		{B1027B53-110C-4E36-8DDF-7CC3E4B03B6A}.Release|x64.ActiveCfg = Release|x64
		{B1027B53-110C-4E36-8DDF-7CC3E4B03B6A}.Release|x64.Build.0 = Release|x64
		{B1027B53-110C-4E36-8DDF-7CC3E4B03B6A}.Release|x86.ActiveCfg = Release|Win32
		{B1027B53-110C-4E36-8DDF-7CC3E4B03B6A}.Release|x86.Build.0 = Release|Win32
		{92DA5898-D675-48E1-AC7D-417F6C25694B}.Debug|x64.ActiveCfg = Debug|x64
		{92DA5898-D675-48E1-AC7D-417F6C25694B}.Debug|x64.Build.0 = Debug|x64
		{92DA5898-D675-48E1-AC7D-417F6C25694B}.Debug|x86.ActiveCfg = Debug|Win32
		{92DA5898-D675-48E1-AC7D-417F6C25694B}.Debug|x86.Build.0 = Debug|Win32
		{92DA5898-D675-48E1-AC7D-417F6C25694B}.Release|x64.ActiveCfg = Release|x64
		{92DA5898-D675-48E1-AC7D-417F6C25694B}.Release|x64.Build.0 = Release|x64
		{92DA5898-D675-48E1-AC7D-417F6C25694B}.Release|x86.ActiveCfg = Release|Win32
		{92DA5898-D675-48E1-AC7D-417F6C25694B}.Release|x86.Build.0 = Release|Win32
		{C578273A-078D-4144-8A6B-C23AE2889742}.Debug|x64.ActiveCfg = Debug|x64
		{C578273A-078D-4144-8A6B-C23AE2889742}.Debug|x64.Build.0 = Debug|x64
		{C578273A-078D-4144-8A6B-C23AE2889742}.Debug|x86.ActiveCfg = Debug|Win32
		{C578273A-078D-4144-8A6B-C23AE2889742}.Debug|x86.Build.0 = Debug|Win32
		{C578273A-078D-4144-8A6B-C23AE2889742}.Release|x64.ActiveCfg = Release|x64
		{C578273A-078D-4144-8A6B-C23AE2889742}.Release|x64.Build.0 = Release|x64
		{C578273A-078D-4144-8A6B-C23AE2889742}.Release|x86.ActiveCfg = Release|Win32
		{C578273A-078D-4144-8A6B-C23AE2889742}.Release|x86.Build.0 = Release|Win32
		{DAD1CEC8-CFF4-4E59-BE5C-61E56157D6EB}.Debug|x64.ActiveCfg = Debug|x64
		{DAD1CEC8-CFF4-4E59-BE5C-61E56157D6EB}.Debug|x64.Build.0 = Debug|x64
		{DAD1CEC8-CFF4-4E59-BE5C-61E56157D6EB}.Debug|x86.ActiveCfg = Debug|Win32
		{DAD1CEC8-CFF4-4E59-BE5C-61E56157D6EB}.Debug|x86.Build.0 = Debug|Win32
		{DAD1CEC8-CFF4-4E59-BE5C-61E56157D6EB}.Release|x64.ActiveCfg = Release|x64
		{DAD1CEC8-CFF4-4E59-BE5C-61E56157D6EB}.Release|x64.Build.0 = Release|x64
		{DAD1CEC8-CFF4-4E59-BE5C-61E56157D6EB}.Release|x86.ActiveCfg = Release|Win32
		{DAD1CEC8-CFF4-4E59-BE5C-61E56157D6EB}.Release|x86.Build.0 = Release|Win32
	EndGlobalSection
	GlobalSection(SolutionProperties) = preSolution
		HideSolutionNode = FALSE
	EndGlobalSection
	GlobalSection(ExtensibilityGlobals) = postSolution
		SolutionGuid = {1EEEBCAA-F510-48CA-9113-76F8871B94A1}
	EndGlobalSection
EndGlobal
