
Microsoft Visual Studio Solution File, Format Version 12.00
# Visual Studio Version 17
VisualStudioVersion = 17.6.33815.320
MinimumVisualStudioVersion = 10.0.40219.1
Project("{8BC9CEB8-8B4A-11D0-8D11-00A0C91BC942}") = "VL10", "VL10\VL10.vcxproj", "{28313F6B-8520-4148-B19D-4836FF3E2685}"
EndProject
Project("{8BC9CEB8-8B4A-11D0-8D11-00A0C91BC942}") = "VL18", "VL18\VL18.vcxproj", "{F6D8C92F-15A9-4452-B8D4-369F145D474A}"
EndProject
Project("{8BC9CEB8-8B4A-11D0-8D11-00A0C91BC942}") = "DUYNO", "DUYNO\DUYNO.vcxproj", "{E2F2D10D-FA10-4CA5-A195-5BA40814CFAE}"
EndProject
Project("{8BC9CEB8-8B4A-11D0-8D11-00A0C91BC942}") = "NHATCHU", "NHATCHU\NHATCHU.vcxproj", "{23D9A415-5E92-468C-BE01-F1E9B302BE87}"
EndProject
Project("{8BC9CEB8-8B4A-11D0-8D11-00A0C91BC942}") = "XORNARY", "XORNARY\XORNARY.vcxproj", "{6213F503-5017-444D-B099-57A8EFA93CED}"
EndProject
Project("{8BC9CEB8-8B4A-11D0-8D11-00A0C91BC942}") = "INSPIRE", "INSPIRE\INSPIRE.vcxproj", "{24C788D9-DDED-4594-BDC7-93C5AF77BC3E}"
EndProject
Project("{8BC9CEB8-8B4A-11D0-8D11-00A0C91BC942}") = "POINTSTR", "POINTSTR\POINTSTR.vcxproj", "{593D50A9-3DCD-4EC4-9FBE-A3F0B352D5A0}"
EndProject
Project("{8BC9CEB8-8B4A-11D0-8D11-00A0C91BC942}") = "STRPOW", "STRPOW\STRPOW.vcxproj", "{FA91AE43-4348-40C0-A3EE-5B1041863A3E}"
EndProject
Project("{8BC9CEB8-8B4A-11D0-8D11-00A0C91BC942}") = "MAXNUM", "MAXNUM\MAXNUM.vcxproj", "{BFD8E331-38B8-4AE7-BA9D-E04C54770A64}"
EndProject
Project("{8BC9CEB8-8B4A-11D0-8D11-00A0C91BC942}") = "PTIT018", "PTIT018\PTIT018.vcxproj", "{C84D0FFB-877B-4CF2-B69D-D14640765941}"
EndProject
Project("{8BC9CEB8-8B4A-11D0-8D11-00A0C91BC942}") = "DETU", "DETU\DETU.vcxproj", "{9D0C119E-CCBA-4093-8C58-6F823F23F444}"
EndProject
Global
	GlobalSection(SolutionConfigurationPlatforms) = preSolution
		Debug|x64 = Debug|x64
		Debug|x86 = Debug|x86
		Release|x64 = Release|x64
		Release|x86 = Release|x86
	EndGlobalSection
	GlobalSection(ProjectConfigurationPlatforms) = postSolution
		{28313F6B-8520-4148-B19D-4836FF3E2685}.Debug|x64.ActiveCfg = Debug|x64
		{28313F6B-8520-4148-B19D-4836FF3E2685}.Debug|x64.Build.0 = Debug|x64
		{28313F6B-8520-4148-B19D-4836FF3E2685}.Debug|x86.ActiveCfg = Debug|Win32
		{28313F6B-8520-4148-B19D-4836FF3E2685}.Debug|x86.Build.0 = Debug|Win32
		{28313F6B-8520-4148-B19D-4836FF3E2685}.Release|x64.ActiveCfg = Release|x64
		{28313F6B-8520-4148-B19D-4836FF3E2685}.Release|x64.Build.0 = Release|x64
		{28313F6B-8520-4148-B19D-4836FF3E2685}.Release|x86.ActiveCfg = Release|Win32
		{28313F6B-8520-4148-B19D-4836FF3E2685}.Release|x86.Build.0 = Release|Win32
		{F6D8C92F-15A9-4452-B8D4-369F145D474A}.Debug|x64.ActiveCfg = Debug|x64
		{F6D8C92F-15A9-4452-B8D4-369F145D474A}.Debug|x64.Build.0 = Debug|x64
		{F6D8C92F-15A9-4452-B8D4-369F145D474A}.Debug|x86.ActiveCfg = Debug|Win32
		{F6D8C92F-15A9-4452-B8D4-369F145D474A}.Debug|x86.Build.0 = Debug|Win32
		{F6D8C92F-15A9-4452-B8D4-369F145D474A}.Release|x64.ActiveCfg = Release|x64
		{F6D8C92F-15A9-4452-B8D4-369F145D474A}.Release|x64.Build.0 = Release|x64
		{F6D8C92F-15A9-4452-B8D4-369F145D474A}.Release|x86.ActiveCfg = Release|Win32
		{F6D8C92F-15A9-4452-B8D4-369F145D474A}.Release|x86.Build.0 = Release|Win32
		{E2F2D10D-FA10-4CA5-A195-5BA40814CFAE}.Debug|x64.ActiveCfg = Debug|x64
		{E2F2D10D-FA10-4CA5-A195-5BA40814CFAE}.Debug|x64.Build.0 = Debug|x64
		{E2F2D10D-FA10-4CA5-A195-5BA40814CFAE}.Debug|x86.ActiveCfg = Debug|Win32
		{E2F2D10D-FA10-4CA5-A195-5BA40814CFAE}.Debug|x86.Build.0 = Debug|Win32
		{E2F2D10D-FA10-4CA5-A195-5BA40814CFAE}.Release|x64.ActiveCfg = Release|x64
		{E2F2D10D-FA10-4CA5-A195-5BA40814CFAE}.Release|x64.Build.0 = Release|x64
		{E2F2D10D-FA10-4CA5-A195-5BA40814CFAE}.Release|x86.ActiveCfg = Release|Win32
		{E2F2D10D-FA10-4CA5-A195-5BA40814CFAE}.Release|x86.Build.0 = Release|Win32
		{23D9A415-5E92-468C-BE01-F1E9B302BE87}.Debug|x64.ActiveCfg = Debug|x64
		{23D9A415-5E92-468C-BE01-F1E9B302BE87}.Debug|x64.Build.0 = Debug|x64
		{23D9A415-5E92-468C-BE01-F1E9B302BE87}.Debug|x86.ActiveCfg = Debug|Win32
		{23D9A415-5E92-468C-BE01-F1E9B302BE87}.Debug|x86.Build.0 = Debug|Win32
		{23D9A415-5E92-468C-BE01-F1E9B302BE87}.Release|x64.ActiveCfg = Release|x64
		{23D9A415-5E92-468C-BE01-F1E9B302BE87}.Release|x64.Build.0 = Release|x64
		{23D9A415-5E92-468C-BE01-F1E9B302BE87}.Release|x86.ActiveCfg = Release|Win32
		{23D9A415-5E92-468C-BE01-F1E9B302BE87}.Release|x86.Build.0 = Release|Win32
		{6213F503-5017-444D-B099-57A8EFA93CED}.Debug|x64.ActiveCfg = Debug|x64
		{6213F503-5017-444D-B099-57A8EFA93CED}.Debug|x64.Build.0 = Debug|x64
		{6213F503-5017-444D-B099-57A8EFA93CED}.Debug|x86.ActiveCfg = Debug|Win32
		{6213F503-5017-444D-B099-57A8EFA93CED}.Debug|x86.Build.0 = Debug|Win32
		{6213F503-5017-444D-B099-57A8EFA93CED}.Release|x64.ActiveCfg = Release|x64
		{6213F503-5017-444D-B099-57A8EFA93CED}.Release|x64.Build.0 = Release|x64
		{6213F503-5017-444D-B099-57A8EFA93CED}.Release|x86.ActiveCfg = Release|Win32
		{6213F503-5017-444D-B099-57A8EFA93CED}.Release|x86.Build.0 = Release|Win32
		{24C788D9-DDED-4594-BDC7-93C5AF77BC3E}.Debug|x64.ActiveCfg = Debug|x64
		{24C788D9-DDED-4594-BDC7-93C5AF77BC3E}.Debug|x64.Build.0 = Debug|x64
		{24C788D9-DDED-4594-BDC7-93C5AF77BC3E}.Debug|x86.ActiveCfg = Debug|Win32
		{24C788D9-DDED-4594-BDC7-93C5AF77BC3E}.Debug|x86.Build.0 = Debug|Win32
		{24C788D9-DDED-4594-BDC7-93C5AF77BC3E}.Release|x64.ActiveCfg = Release|x64
		{24C788D9-DDED-4594-BDC7-93C5AF77BC3E}.Release|x64.Build.0 = Release|x64
		{24C788D9-DDED-4594-BDC7-93C5AF77BC3E}.Release|x86.ActiveCfg = Release|Win32
		{24C788D9-DDED-4594-BDC7-93C5AF77BC3E}.Release|x86.Build.0 = Release|Win32
		{593D50A9-3DCD-4EC4-9FBE-A3F0B352D5A0}.Debug|x64.ActiveCfg = Debug|x64
		{593D50A9-3DCD-4EC4-9FBE-A3F0B352D5A0}.Debug|x64.Build.0 = Debug|x64
		{593D50A9-3DCD-4EC4-9FBE-A3F0B352D5A0}.Debug|x86.ActiveCfg = Debug|Win32
		{593D50A9-3DCD-4EC4-9FBE-A3F0B352D5A0}.Debug|x86.Build.0 = Debug|Win32
		{593D50A9-3DCD-4EC4-9FBE-A3F0B352D5A0}.Release|x64.ActiveCfg = Release|x64
		{593D50A9-3DCD-4EC4-9FBE-A3F0B352D5A0}.Release|x64.Build.0 = Release|x64
		{593D50A9-3DCD-4EC4-9FBE-A3F0B352D5A0}.Release|x86.ActiveCfg = Release|Win32
		{593D50A9-3DCD-4EC4-9FBE-A3F0B352D5A0}.Release|x86.Build.0 = Release|Win32
		{FA91AE43-4348-40C0-A3EE-5B1041863A3E}.Debug|x64.ActiveCfg = Debug|x64
		{FA91AE43-4348-40C0-A3EE-5B1041863A3E}.Debug|x64.Build.0 = Debug|x64
		{FA91AE43-4348-40C0-A3EE-5B1041863A3E}.Debug|x86.ActiveCfg = Debug|Win32
		{FA91AE43-4348-40C0-A3EE-5B1041863A3E}.Debug|x86.Build.0 = Debug|Win32
		{FA91AE43-4348-40C0-A3EE-5B1041863A3E}.Release|x64.ActiveCfg = Release|x64
		{FA91AE43-4348-40C0-A3EE-5B1041863A3E}.Release|x64.Build.0 = Release|x64
		{FA91AE43-4348-40C0-A3EE-5B1041863A3E}.Release|x86.ActiveCfg = Release|Win32
		{FA91AE43-4348-40C0-A3EE-5B1041863A3E}.Release|x86.Build.0 = Release|Win32
		{BFD8E331-38B8-4AE7-BA9D-E04C54770A64}.Debug|x64.ActiveCfg = Debug|x64
		{BFD8E331-38B8-4AE7-BA9D-E04C54770A64}.Debug|x64.Build.0 = Debug|x64
		{BFD8E331-38B8-4AE7-BA9D-E04C54770A64}.Debug|x86.ActiveCfg = Debug|Win32
		{BFD8E331-38B8-4AE7-BA9D-E04C54770A64}.Debug|x86.Build.0 = Debug|Win32
		{BFD8E331-38B8-4AE7-BA9D-E04C54770A64}.Release|x64.ActiveCfg = Release|x64
		{BFD8E331-38B8-4AE7-BA9D-E04C54770A64}.Release|x64.Build.0 = Release|x64
		{BFD8E331-38B8-4AE7-BA9D-E04C54770A64}.Release|x86.ActiveCfg = Release|Win32
		{BFD8E331-38B8-4AE7-BA9D-E04C54770A64}.Release|x86.Build.0 = Release|Win32
		{C84D0FFB-877B-4CF2-B69D-D14640765941}.Debug|x64.ActiveCfg = Debug|x64
		{C84D0FFB-877B-4CF2-B69D-D14640765941}.Debug|x64.Build.0 = Debug|x64
		{C84D0FFB-877B-4CF2-B69D-D14640765941}.Debug|x86.ActiveCfg = Debug|Win32
		{C84D0FFB-877B-4CF2-B69D-D14640765941}.Debug|x86.Build.0 = Debug|Win32
		{C84D0FFB-877B-4CF2-B69D-D14640765941}.Release|x64.ActiveCfg = Release|x64
		{C84D0FFB-877B-4CF2-B69D-D14640765941}.Release|x64.Build.0 = Release|x64
		{C84D0FFB-877B-4CF2-B69D-D14640765941}.Release|x86.ActiveCfg = Release|Win32
		{C84D0FFB-877B-4CF2-B69D-D14640765941}.Release|x86.Build.0 = Release|Win32
		{9D0C119E-CCBA-4093-8C58-6F823F23F444}.Debug|x64.ActiveCfg = Debug|x64
		{9D0C119E-CCBA-4093-8C58-6F823F23F444}.Debug|x64.Build.0 = Debug|x64
		{9D0C119E-CCBA-4093-8C58-6F823F23F444}.Debug|x86.ActiveCfg = Debug|Win32
		{9D0C119E-CCBA-4093-8C58-6F823F23F444}.Debug|x86.Build.0 = Debug|Win32
		{9D0C119E-CCBA-4093-8C58-6F823F23F444}.Release|x64.ActiveCfg = Release|x64
		{9D0C119E-CCBA-4093-8C58-6F823F23F444}.Release|x64.Build.0 = Release|x64
		{9D0C119E-CCBA-4093-8C58-6F823F23F444}.Release|x86.ActiveCfg = Release|Win32
		{9D0C119E-CCBA-4093-8C58-6F823F23F444}.Release|x86.Build.0 = Release|Win32
	EndGlobalSection
	GlobalSection(SolutionProperties) = preSolution
		HideSolutionNode = FALSE
	EndGlobalSection
	GlobalSection(ExtensibilityGlobals) = postSolution
		SolutionGuid = {1EEEBCAA-F510-48CA-9113-76F8871B94A1}
	EndGlobalSection
EndGlobal
