
Microsoft Visual Studio Solution File, Format Version 12.00
# Visual Studio Version 17
VisualStudioVersion = 17.6.33815.320
MinimumVisualStudioVersion = 10.0.40219.1
Project("{8BC9CEB8-8B4A-11D0-8D11-00A0C91BC942}") = "VL10", "VL10\VL10.vcxproj", "{28313F6B-8520-4148-B19D-4836FF3E2685}"
EndProject
Project("{8BC9CEB8-8B4A-11D0-8D11-00A0C91BC942}") = "STR01", "STR01\STR01.vcxproj", "{9E78D742-D600-4376-A5C8-EF9C4670C401}"
EndProject
Project("{8BC9CEB8-8B4A-11D0-8D11-00A0C91BC942}") = "CHUANHOA", "CHUANHOA\CHUANHOA.vcxproj", "{E5666B28-7E3F-49B9-A301-CB6544AEA2F2}"
EndProject
Project("{8BC9CEB8-8B4A-11D0-8D11-00A0C91BC942}") = "MEET", "MEET\MEET.vcxproj", "{132719EB-E0F0-4911-B846-B536AD41071D}"
EndProject
Project("{8BC9CEB8-8B4A-11D0-8D11-00A0C91BC942}") = "DEMSO", "DEMSO\DEMSO.vcxproj", "{751B4B66-F331-49CF-8139-963D19066CD8}"
EndProject
Project("{8BC9CEB8-8B4A-11D0-8D11-00A0C91BC942}") = "KH_05", "KH_05\KH_05.vcxproj", "{76DA95F0-C49A-4AFC-8A5F-C4E9311E89AD}"
EndProject
Project("{8BC9CEB8-8B4A-11D0-8D11-00A0C91BC942}") = "FIB2", "FIB2\FIB2.vcxproj", "{F2C93D58-327C-4EF6-A13A-738D96EC4B75}"
EndProject
Project("{8BC9CEB8-8B4A-11D0-8D11-00A0C91BC942}") = "SUMSO", "SUMSO\SUMSO.vcxproj", "{9470EE60-7A8D-4F43-B3D6-D9E19B96427A}"
EndProject
Project("{8BC9CEB8-8B4A-11D0-8D11-00A0C91BC942}") = "PTIT037", "PTIT037\PTIT037.vcxproj", "{2255D69F-E725-437A-A7E3-80193853152B}"
EndProject
Project("{8BC9CEB8-8B4A-11D0-8D11-00A0C91BC942}") = "PARENTHESIS", "PARENTHESIS\PARENTHESIS.vcxproj", "{50EFE59C-0ACC-4A4A-B8F8-1EB6DA4E461F}"
EndProject
Project("{8BC9CEB8-8B4A-11D0-8D11-00A0C91BC942}") = "PALINY", "PALINY\PALINY.vcxproj", "{92AA1978-8442-4D84-939B-9620A3F28AB7}"
EndProject
Project("{8BC9CEB8-8B4A-11D0-8D11-00A0C91BC942}") = "EZCHUXH", "EZCHUXH\EZCHUXH.vcxproj", "{F23849F2-6052-45B8-AEDA-281F8C9E6349}"
EndProject
Project("{8BC9CEB8-8B4A-11D0-8D11-00A0C91BC942}") = "COMPRESS", "COMPRESS\COMPRESS.vcxproj", "{84F8973F-C6D5-46C5-AE3F-BE74F93F6375}"
EndProject
Global
	GlobalSection(SolutionConfigurationPlatforms) = preSolution
		Debug|x64 = Debug|x64
		Debug|x86 = Debug|x86
		Release|x64 = Release|x64
		Release|x86 = Release|x86
	EndGlobalSection
	GlobalSection(ProjectConfigurationPlatforms) = postSolution
		{28313F6B-8520-4148-B19D-4836FF3E2685}.Debug|x64.ActiveCfg = Debug|x64
		{28313F6B-8520-4148-B19D-4836FF3E2685}.Debug|x64.Build.0 = Debug|x64
		{28313F6B-8520-4148-B19D-4836FF3E2685}.Debug|x86.ActiveCfg = Debug|Win32
		{28313F6B-8520-4148-B19D-4836FF3E2685}.Debug|x86.Build.0 = Debug|Win32
		{28313F6B-8520-4148-B19D-4836FF3E2685}.Release|x64.ActiveCfg = Release|x64
		{28313F6B-8520-4148-B19D-4836FF3E2685}.Release|x64.Build.0 = Release|x64
		{28313F6B-8520-4148-B19D-4836FF3E2685}.Release|x86.ActiveCfg = Release|Win32
		{28313F6B-8520-4148-B19D-4836FF3E2685}.Release|x86.Build.0 = Release|Win32
		{9E78D742-D600-4376-A5C8-EF9C4670C401}.Debug|x64.ActiveCfg = Debug|x64
		{9E78D742-D600-4376-A5C8-EF9C4670C401}.Debug|x64.Build.0 = Debug|x64
		{9E78D742-D600-4376-A5C8-EF9C4670C401}.Debug|x86.ActiveCfg = Debug|Win32
		{9E78D742-D600-4376-A5C8-EF9C4670C401}.Debug|x86.Build.0 = Debug|Win32
		{9E78D742-D600-4376-A5C8-EF9C4670C401}.Release|x64.ActiveCfg = Release|x64
		{9E78D742-D600-4376-A5C8-EF9C4670C401}.Release|x64.Build.0 = Release|x64
		{9E78D742-D600-4376-A5C8-EF9C4670C401}.Release|x86.ActiveCfg = Release|Win32
		{9E78D742-D600-4376-A5C8-EF9C4670C401}.Release|x86.Build.0 = Release|Win32
		{E5666B28-7E3F-49B9-A301-CB6544AEA2F2}.Debug|x64.ActiveCfg = Debug|x64
		{E5666B28-7E3F-49B9-A301-CB6544AEA2F2}.Debug|x64.Build.0 = Debug|x64
		{E5666B28-7E3F-49B9-A301-CB6544AEA2F2}.Debug|x86.ActiveCfg = Debug|Win32
		{E5666B28-7E3F-49B9-A301-CB6544AEA2F2}.Debug|x86.Build.0 = Debug|Win32
		{E5666B28-7E3F-49B9-A301-CB6544AEA2F2}.Release|x64.ActiveCfg = Release|x64
		{E5666B28-7E3F-49B9-A301-CB6544AEA2F2}.Release|x64.Build.0 = Release|x64
		{E5666B28-7E3F-49B9-A301-CB6544AEA2F2}.Release|x86.ActiveCfg = Release|Win32
		{E5666B28-7E3F-49B9-A301-CB6544AEA2F2}.Release|x86.Build.0 = Release|Win32
		{132719EB-E0F0-4911-B846-B536AD41071D}.Debug|x64.ActiveCfg = Debug|x64
		{132719EB-E0F0-4911-B846-B536AD41071D}.Debug|x64.Build.0 = Debug|x64
		{132719EB-E0F0-4911-B846-B536AD41071D}.Debug|x86.ActiveCfg = Debug|Win32
		{132719EB-E0F0-4911-B846-B536AD41071D}.Debug|x86.Build.0 = Debug|Win32
		{132719EB-E0F0-4911-B846-B536AD41071D}.Release|x64.ActiveCfg = Release|x64
		{132719EB-E0F0-4911-B846-B536AD41071D}.Release|x64.Build.0 = Release|x64
		{132719EB-E0F0-4911-B846-B536AD41071D}.Release|x86.ActiveCfg = Release|Win32
		{132719EB-E0F0-4911-B846-B536AD41071D}.Release|x86.Build.0 = Release|Win32
		{751B4B66-F331-49CF-8139-963D19066CD8}.Debug|x64.ActiveCfg = Debug|x64
		{751B4B66-F331-49CF-8139-963D19066CD8}.Debug|x64.Build.0 = Debug|x64
		{751B4B66-F331-49CF-8139-963D19066CD8}.Debug|x86.ActiveCfg = Debug|Win32
		{751B4B66-F331-49CF-8139-963D19066CD8}.Debug|x86.Build.0 = Debug|Win32
		{751B4B66-F331-49CF-8139-963D19066CD8}.Release|x64.ActiveCfg = Release|x64
		{751B4B66-F331-49CF-8139-963D19066CD8}.Release|x64.Build.0 = Release|x64
		{751B4B66-F331-49CF-8139-963D19066CD8}.Release|x86.ActiveCfg = Release|Win32
		{751B4B66-F331-49CF-8139-963D19066CD8}.Release|x86.Build.0 = Release|Win32
		{76DA95F0-C49A-4AFC-8A5F-C4E9311E89AD}.Debug|x64.ActiveCfg = Debug|x64
		{76DA95F0-C49A-4AFC-8A5F-C4E9311E89AD}.Debug|x64.Build.0 = Debug|x64
		{76DA95F0-C49A-4AFC-8A5F-C4E9311E89AD}.Debug|x86.ActiveCfg = Debug|Win32
		{76DA95F0-C49A-4AFC-8A5F-C4E9311E89AD}.Debug|x86.Build.0 = Debug|Win32
		{76DA95F0-C49A-4AFC-8A5F-C4E9311E89AD}.Release|x64.ActiveCfg = Release|x64
		{76DA95F0-C49A-4AFC-8A5F-C4E9311E89AD}.Release|x64.Build.0 = Release|x64
		{76DA95F0-C49A-4AFC-8A5F-C4E9311E89AD}.Release|x86.ActiveCfg = Release|Win32
		{76DA95F0-C49A-4AFC-8A5F-C4E9311E89AD}.Release|x86.Build.0 = Release|Win32
		{F2C93D58-327C-4EF6-A13A-738D96EC4B75}.Debug|x64.ActiveCfg = Debug|x64
		{F2C93D58-327C-4EF6-A13A-738D96EC4B75}.Debug|x64.Build.0 = Debug|x64
		{F2C93D58-327C-4EF6-A13A-738D96EC4B75}.Debug|x86.ActiveCfg = Debug|Win32
		{F2C93D58-327C-4EF6-A13A-738D96EC4B75}.Debug|x86.Build.0 = Debug|Win32
		{F2C93D58-327C-4EF6-A13A-738D96EC4B75}.Release|x64.ActiveCfg = Release|x64
		{F2C93D58-327C-4EF6-A13A-738D96EC4B75}.Release|x64.Build.0 = Release|x64
		{F2C93D58-327C-4EF6-A13A-738D96EC4B75}.Release|x86.ActiveCfg = Release|Win32
		{F2C93D58-327C-4EF6-A13A-738D96EC4B75}.Release|x86.Build.0 = Release|Win32
		{9470EE60-7A8D-4F43-B3D6-D9E19B96427A}.Debug|x64.ActiveCfg = Debug|x64
		{9470EE60-7A8D-4F43-B3D6-D9E19B96427A}.Debug|x64.Build.0 = Debug|x64
		{9470EE60-7A8D-4F43-B3D6-D9E19B96427A}.Debug|x86.ActiveCfg = Debug|Win32
		{9470EE60-7A8D-4F43-B3D6-D9E19B96427A}.Debug|x86.Build.0 = Debug|Win32
		{9470EE60-7A8D-4F43-B3D6-D9E19B96427A}.Release|x64.ActiveCfg = Release|x64
		{9470EE60-7A8D-4F43-B3D6-D9E19B96427A}.Release|x64.Build.0 = Release|x64
		{9470EE60-7A8D-4F43-B3D6-D9E19B96427A}.Release|x86.ActiveCfg = Release|Win32
		{9470EE60-7A8D-4F43-B3D6-D9E19B96427A}.Release|x86.Build.0 = Release|Win32
		{2255D69F-E725-437A-A7E3-80193853152B}.Debug|x64.ActiveCfg = Debug|x64
		{2255D69F-E725-437A-A7E3-80193853152B}.Debug|x64.Build.0 = Debug|x64
		{2255D69F-E725-437A-A7E3-80193853152B}.Debug|x86.ActiveCfg = Debug|Win32
		{2255D69F-E725-437A-A7E3-80193853152B}.Debug|x86.Build.0 = Debug|Win32
		{2255D69F-E725-437A-A7E3-80193853152B}.Release|x64.ActiveCfg = Release|x64
		{2255D69F-E725-437A-A7E3-80193853152B}.Release|x64.Build.0 = Release|x64
		{2255D69F-E725-437A-A7E3-80193853152B}.Release|x86.ActiveCfg = Release|Win32
		{2255D69F-E725-437A-A7E3-80193853152B}.Release|x86.Build.0 = Release|Win32
		{50EFE59C-0ACC-4A4A-B8F8-1EB6DA4E461F}.Debug|x64.ActiveCfg = Debug|x64
		{50EFE59C-0ACC-4A4A-B8F8-1EB6DA4E461F}.Debug|x64.Build.0 = Debug|x64
		{50EFE59C-0ACC-4A4A-B8F8-1EB6DA4E461F}.Debug|x86.ActiveCfg = Debug|Win32
		{50EFE59C-0ACC-4A4A-B8F8-1EB6DA4E461F}.Debug|x86.Build.0 = Debug|Win32
		{50EFE59C-0ACC-4A4A-B8F8-1EB6DA4E461F}.Release|x64.ActiveCfg = Release|x64
		{50EFE59C-0ACC-4A4A-B8F8-1EB6DA4E461F}.Release|x64.Build.0 = Release|x64
		{50EFE59C-0ACC-4A4A-B8F8-1EB6DA4E461F}.Release|x86.ActiveCfg = Release|Win32
		{50EFE59C-0ACC-4A4A-B8F8-1EB6DA4E461F}.Release|x86.Build.0 = Release|Win32
		{92AA1978-8442-4D84-939B-9620A3F28AB7}.Debug|x64.ActiveCfg = Debug|x64
		{92AA1978-8442-4D84-939B-9620A3F28AB7}.Debug|x64.Build.0 = Debug|x64
		{92AA1978-8442-4D84-939B-9620A3F28AB7}.Debug|x86.ActiveCfg = Debug|Win32
		{92AA1978-8442-4D84-939B-9620A3F28AB7}.Debug|x86.Build.0 = Debug|Win32
		{92AA1978-8442-4D84-939B-9620A3F28AB7}.Release|x64.ActiveCfg = Release|x64
		{92AA1978-8442-4D84-939B-9620A3F28AB7}.Release|x64.Build.0 = Release|x64
		{92AA1978-8442-4D84-939B-9620A3F28AB7}.Release|x86.ActiveCfg = Release|Win32
		{92AA1978-8442-4D84-939B-9620A3F28AB7}.Release|x86.Build.0 = Release|Win32
		{F23849F2-6052-45B8-AEDA-281F8C9E6349}.Debug|x64.ActiveCfg = Debug|x64
		{F23849F2-6052-45B8-AEDA-281F8C9E6349}.Debug|x64.Build.0 = Debug|x64
		{F23849F2-6052-45B8-AEDA-281F8C9E6349}.Debug|x86.ActiveCfg = Debug|Win32
		{F23849F2-6052-45B8-AEDA-281F8C9E6349}.Debug|x86.Build.0 = Debug|Win32
		{F23849F2-6052-45B8-AEDA-281F8C9E6349}.Release|x64.ActiveCfg = Release|x64
		{F23849F2-6052-45B8-AEDA-281F8C9E6349}.Release|x64.Build.0 = Release|x64
		{F23849F2-6052-45B8-AEDA-281F8C9E6349}.Release|x86.ActiveCfg = Release|Win32
		{F23849F2-6052-45B8-AEDA-281F8C9E6349}.Release|x86.Build.0 = Release|Win32
		{84F8973F-C6D5-46C5-AE3F-BE74F93F6375}.Debug|x64.ActiveCfg = Debug|x64
		{84F8973F-C6D5-46C5-AE3F-BE74F93F6375}.Debug|x64.Build.0 = Debug|x64
		{84F8973F-C6D5-46C5-AE3F-BE74F93F6375}.Debug|x86.ActiveCfg = Debug|Win32
		{84F8973F-C6D5-46C5-AE3F-BE74F93F6375}.Debug|x86.Build.0 = Debug|Win32
		{84F8973F-C6D5-46C5-AE3F-BE74F93F6375}.Release|x64.ActiveCfg = Release|x64
		{84F8973F-C6D5-46C5-AE3F-BE74F93F6375}.Release|x64.Build.0 = Release|x64
		{84F8973F-C6D5-46C5-AE3F-BE74F93F6375}.Release|x86.ActiveCfg = Release|Win32
		{84F8973F-C6D5-46C5-AE3F-BE74F93F6375}.Release|x86.Build.0 = Release|Win32
	EndGlobalSection
	GlobalSection(SolutionProperties) = preSolution
		HideSolutionNode = FALSE
	EndGlobalSection
	GlobalSection(ExtensibilityGlobals) = postSolution
		SolutionGuid = {1EEEBCAA-F510-48CA-9113-76F8871B94A1}
	EndGlobalSection
EndGlobal
